{
  "version": 4,
  "terraform_version": "1.10.5",
  "serial": 73,
  "lineage": "256eda31-cbc9-4732-0148-a586f8fb403a",
  "outputs": {},
  "resources": [
    {
      "module": "module.bdd",
      "mode": "data",
      "type": "local_file",
      "name": "ssh_public_key",
      "provider": "provider[\"registry.terraform.io/hashicorp/local\"]",
      "instances": [
        {
          "schema_version": 0,
          "attributes": {
            "content": "ssh-rsa AAAAB3NzaC1yc2EAAAADAQABAAABgQClgx4feMKbhVog2/uBxLO34U0HZoXq8AeYFzChMVXKLEOJM/6zaS+O8SiG/SciIsOBpVQKSLzQQ2tEksMKCLQfxAqRLeHo3WfGb/NPc4MYYnvzasK84WnyspYcIRgY9me4U7fOPrqVWEFAxTQHV+7GLkf+Txo1F+wPUUB742FCTtEJ90vw72OLrxPnFfKXN+dxavBbUkrIXiJ5amUG3EGEkgW2Il193jx0DuMSZWa5Y7BrcSR41muUkGCSH/JwPBopl0G+k3orVBTHvF52fyCl7ayOa5VK5PX/MoprOXKNGN4gupMnnI8aBCUHT64cTFvhn5+DfTdK/xQouZDgF/rgeinNPeZ8oGEgwjYr7sKx/3pm76gKxUleCABGwI81B7rTf9Ep1qshA0jBQ2YjIbXKB1C31DfLTIEkyC4RcrD8ohRTsjf0AU4is9hn5a2RG9cTPbj9bqNHRTUvchGlkgstl88SofeKxqopqegjAoFdmBnGAiwYRtkvhzvdwQ93l4c= cytech@student-laptop\n",
            "content_base64": "c3NoLXJzYSBBQUFBQjNOemFDMXljMkVBQUFBREFRQUJBQUFCZ1FDbGd4NGZlTUtiaFZvZzIvdUJ4TE8zNFUwSFpvWHE4QWVZRnpDaE1WWEtMRU9KTS82emFTK084U2lHL1NjaUlzT0JwVlFLU0x6UVEydEVrc01LQ0xRZnhBcVJMZUhvM1dmR2IvTlBjNE1ZWW52emFzSzg0V255c3BZY0lSZ1k5bWU0VTdmT1BycVZXRUZBeFRRSFYrN0dMa2YrVHhvMUYrd1BVVUI3NDJGQ1R0RUo5MHZ3NzJPTHJ4UG5GZktYTitkeGF2QmJVa3JJWGlKNWFtVUczRUdFa2dXMklsMTkzangwRHVNU1pXYTVZN0JyY1NSNDFtdVVrR0NTSC9Kd1BCb3BsMEcrazNvclZCVEh2RjUyZnlDbDdheU9hNVZLNVBYL01vcHJPWEtOR040Z3VwTW5uSThhQkNVSFQ2NGNURnZobjUrRGZUZEsveFFvdVpEZ0YvcmdlaW5OUGVaOG9HRWd3allyN3NLeC8zcG03NmdLeFVsZUNBQkd3STgxQjdyVGY5RXAxcXNoQTBqQlEyWWpJYlhLQjFDMzFEZkxUSUVreUM0UmNyRDhvaFJUc2pmMEFVNGlzOWhuNWEyUkc5Y1RQYmo5YnFOSFJUVXZjaEdsa2dzdGw4OFNvZmVLeHFvcHFlZ2pBb0ZkbUJuR0Fpd1lSdGt2aHp2ZHdROTNsNGM9IGN5dGVjaEBzdHVkZW50LWxhcHRvcAo=",
            "content_base64sha256": "lkv8JDxMuWX2+3a8oFfEdH6uRezu08QfBTT3D0ZZO2w=",
            "content_base64sha512": "zlyQfuAe8ECIj0mjC5eIfJmiyiRcqc0qWl7Smn3fEuBlFOsUmf5Uhq4CrP3E3Ef8MN0wCmKd9s3GB+8MeRbvrA==",
            "content_md5": "b9fd756b0eadbd25f1a4cf36adb05a66",
            "content_sha1": "736925394a2ca62b13295f7130c58931d6ff1622",
            "content_sha256": "964bfc243c4cb965f6fb76bca057c4747eae45eceed3c41f0534f70f46593b6c",
            "content_sha512": "ce5c907ee01ef040888f49a30b97887c99a2ca245ca9cd2a5a5ed29a7ddf12e06514eb1499fe5486ae02acfdc4dc47fc30dd300a629df6cdc607ef0c7916efac",
            "filename": "/home/cytech/.ssh/id_rsa.pub",
            "id": "736925394a2ca62b13295f7130c58931d6ff1622"
          },
          "sensitive_attributes": []
        }
      ]
    },
    {
      "module": "module.bdd",
      "mode": "data",
      "type": "proxmox_virtual_environment_pool",
      "name": "cytech",
      "provider": "module.bdd.provider[\"registry.terraform.io/bpg/proxmox\"]",
      "instances": [
        {
          "schema_version": 0,
          "attributes": {
            "comment": "",
            "id": "cytech",
            "members": [
              {
                "datastore_id": "",
                "id": "qemu/104",
                "node_name": "mgmt",
                "type": "qemu",
                "vm_id": 104
              },
              {
                "datastore_id": "",
                "id": "qemu/115",
                "node_name": "mgmt",
                "type": "qemu",
                "vm_id": 115
              },
              {
                "datastore_id": "",
                "id": "qemu/116",
                "node_name": "mgmt",
                "type": "qemu",
                "vm_id": 116
              },
              {
                "datastore_id": "",
                "id": "qemu/117",
                "node_name": "mgmt",
                "type": "qemu",
                "vm_id": 117
              },
              {
                "datastore_id": "",
                "id": "qemu/118",
                "node_name": "mgmt",
                "type": "qemu",
                "vm_id": 118
              },
              {
                "datastore_id": "",
                "id": "qemu/119",
                "node_name": "mgmt",
                "type": "qemu",
                "vm_id": 119
              },
              {
                "datastore_id": "",
                "id": "qemu/120",
                "node_name": "mgmt",
                "type": "qemu",
                "vm_id": 120
              },
              {
                "datastore_id": "",
                "id": "qemu/121",
                "node_name": "mgmt",
                "type": "qemu",
                "vm_id": 121
              },
              {
                "datastore_id": "",
                "id": "qemu/122",
                "node_name": "mgmt",
                "type": "qemu",
                "vm_id": 122
              },
              {
                "datastore_id": "",
                "id": "qemu/123",
                "node_name": "mgmt",
                "type": "qemu",
                "vm_id": 123
              },
              {
                "datastore_id": "",
                "id": "qemu/124",
                "node_name": "mgmt",
                "type": "qemu",
                "vm_id": 124
              },
              {
                "datastore_id": "",
                "id": "qemu/125",
                "node_name": "mgmt",
                "type": "qemu",
                "vm_id": 125
              },
              {
                "datastore_id": "",
                "id": "qemu/126",
                "node_name": "mgmt",
                "type": "qemu",
                "vm_id": 126
              },
              {
                "datastore_id": "",
                "id": "qemu/127",
                "node_name": "mgmt",
                "type": "qemu",
                "vm_id": 127
              },
              {
                "datastore_id": "",
                "id": "qemu/128",
                "node_name": "mgmt",
                "type": "qemu",
                "vm_id": 128
              },
              {
                "datastore_id": "",
                "id": "qemu/130",
                "node_name": "mgmt",
                "type": "qemu",
                "vm_id": 130
              },
              {
                "datastore_id": "",
                "id": "qemu/131",
                "node_name": "mgmt",
                "type": "qemu",
                "vm_id": 131
              },
              {
                "datastore_id": "",
                "id": "qemu/132",
                "node_name": "mgmt",
                "type": "qemu",
                "vm_id": 132
              },
              {
                "datastore_id": "",
                "id": "qemu/133",
                "node_name": "mgmt",
                "type": "qemu",
                "vm_id": 133
              },
              {
                "datastore_id": "",
                "id": "qemu/134",
                "node_name": "mgmt",
                "type": "qemu",
                "vm_id": 134
              },
              {
                "datastore_id": "",
                "id": "qemu/135",
                "node_name": "mgmt",
                "type": "qemu",
                "vm_id": 135
              },
              {
                "datastore_id": "",
                "id": "qemu/137",
                "node_name": "mgmt",
                "type": "qemu",
                "vm_id": 137
              },
              {
                "datastore_id": "",
                "id": "qemu/138",
                "node_name": "mgmt",
                "type": "qemu",
                "vm_id": 138
              },
              {
                "datastore_id": "",
                "id": "qemu/139",
                "node_name": "mgmt",
                "type": "qemu",
                "vm_id": 139
              },
              {
                "datastore_id": "",
                "id": "qemu/140",
                "node_name": "mgmt",
                "type": "qemu",
                "vm_id": 140
              },
              {
                "datastore_id": "",
                "id": "qemu/141",
                "node_name": "mgmt",
                "type": "qemu",
                "vm_id": 141
              },
              {
                "datastore_id": "",
                "id": "qemu/142",
                "node_name": "mgmt",
                "type": "qemu",
                "vm_id": 142
              },
              {
                "datastore_id": "",
                "id": "qemu/145",
                "node_name": "mgmt",
                "type": "qemu",
                "vm_id": 145
              },
              {
                "datastore_id": "",
                "id": "qemu/146",
                "node_name": "mgmt",
                "type": "qemu",
                "vm_id": 146
              }
            ],
            "pool_id": "cytech"
          },
          "sensitive_attributes": []
        }
      ]
    },
    {
      "module": "module.bdd",
      "mode": "managed",
      "type": "proxmox_virtual_environment_file",
      "name": "user_data_cloud_config",
      "provider": "module.bdd.provider[\"registry.terraform.io/bpg/proxmox\"]",
      "instances": [
        {
          "schema_version": 0,
          "attributes": {
            "content_type": "snippets",
            "datastore_id": "local",
            "file_mode": null,
            "file_modification_date": null,
            "file_name": "user-data-cloud-config-cytech-2.yaml",
            "file_size": null,
            "file_tag": null,
            "id": "local:snippets/user-data-cloud-config-cytech-2.yaml",
            "node_name": "mgmt",
            "overwrite": true,
            "source_file": [],
            "source_raw": [
              {
                "data": "#cloud-config\nhostname: test-ubuntu\nusers:\n  - default\n  - name: ubuntu\n    groups:\n      - sudo\n    shell: /bin/bash\n    ssh_authorized_keys:\n      - ssh-rsa AAAAB3NzaC1yc2EAAAADAQABAAABgQClgx4feMKbhVog2/uBxLO34U0HZoXq8AeYFzChMVXKLEOJM/6zaS+O8SiG/SciIsOBpVQKSLzQQ2tEksMKCLQfxAqRLeHo3WfGb/NPc4MYYnvzasK84WnyspYcIRgY9me4U7fOPrqVWEFAxTQHV+7GLkf+Txo1F+wPUUB742FCTtEJ90vw72OLrxPnFfKXN+dxavBbUkrIXiJ5amUG3EGEkgW2Il193jx0DuMSZWa5Y7BrcSR41muUkGCSH/JwPBopl0G+k3orVBTHvF52fyCl7ayOa5VK5PX/MoprOXKNGN4gupMnnI8aBCUHT64cTFvhn5+DfTdK/xQouZDgF/rgeinNPeZ8oGEgwjYr7sKx/3pm76gKxUleCABGwI81B7rTf9Ep1qshA0jBQ2YjIbXKB1C31DfLTIEkyC4RcrD8ohRTsjf0AU4is9hn5a2RG9cTPbj9bqNHRTUvchGlkgstl88SofeKxqopqegjAoFdmBnGAiwYRtkvhzvdwQ93l4c= cytech@student-laptop\n    sudo: ALL=(ALL) NOPASSWD:ALL\nruncmd:\n    - apt update\n    - apt install -y qemu-guest-agent net-tools\n    - timedatectl set-timezone America/Toronto\n    - systemctl enable qemu-guest-agent\n    - systemctl start qemu-guest-agent\n    - echo \"done\" \u003e /tmp/cloud-config.done\n",
                "file_name": "user-data-cloud-config-cytech-2.yaml",
                "resize": 0
              }
            ],
            "timeout_upload": 1800
          },
          "sensitive_attributes": [],
          "private": "bnVsbA==",
          "dependencies": [
            "module.bdd.data.local_file.ssh_public_key"
          ]
        }
      ]
    },
    {
      "module": "module.bdd",
      "mode": "managed",
      "type": "proxmox_virtual_environment_vm",
      "name": "ubuntu_vm",
      "provider": "module.bdd.provider[\"registry.terraform.io/bpg/proxmox\"]",
      "instances": [
        {
          "index_key": 0,
          "schema_version": 0,
          "attributes": {
            "acpi": true,
            "agent": [
              {
                "enabled": true,
                "timeout": "15m",
                "trim": false,
                "type": "virtio"
              }
            ],
            "audio_device": [],
            "bios": "seabios",
            "boot_order": null,
            "cdrom": [],
            "clone": [],
            "cpu": [
              {
                "affinity": "",
                "architecture": "",
                "cores": 1,
                "flags": null,
                "hotplugged": 0,
                "limit": 0,
                "numa": false,
                "sockets": 1,
                "type": "qemu64",
                "units": 1024
              }
            ],
            "description": "",
            "disk": [
              {
                "aio": "io_uring",
                "backup": true,
                "cache": "none",
                "datastore_id": "raid-ssd",
                "discard": "on",
                "file_format": "raw",
                "file_id": "isos:iso/jammy-server-cloudimg-amd64.img",
                "interface": "virtio0",
                "iothread": true,
                "path_in_datastore": "vm-129-disk-0",
                "replicate": true,
                "serial": "",
                "size": 20,
                "speed": [],
                "ssd": false
              }
            ],
            "efi_disk": [],
            "hook_script_file_id": null,
            "hostpci": [],
            "id": "129",
            "initialization": [
              {
                "datastore_id": "raid-ssd",
                "dns": [],
                "interface": "ide2",
                "ip_config": [
                  {
                    "ipv4": [
                      {
                        "address": "192.168.100.123/24",
                        "gateway": "192.168.100.1"
                      }
                    ],
                    "ipv6": []
                  }
                ],
                "meta_data_file_id": "",
                "network_data_file_id": "",
                "type": "",
                "upgrade": false,
                "user_account": [
                  {
                    "keys": [
                      "ssh-rsa AAAAB3NzaC1yc2EAAAADAQABAAABgQClgx4feMKbhVog2/uBxLO34U0HZoXq8AeYFzChMVXKLEOJM/6zaS+O8SiG/SciIsOBpVQKSLzQQ2tEksMKCLQfxAqRLeHo3WfGb/NPc4MYYnvzasK84WnyspYcIRgY9me4U7fOPrqVWEFAxTQHV+7GLkf+Txo1F+wPUUB742FCTtEJ90vw72OLrxPnFfKXN+dxavBbUkrIXiJ5amUG3EGEkgW2Il193jx0DuMSZWa5Y7BrcSR41muUkGCSH/JwPBopl0G+k3orVBTHvF52fyCl7ayOa5VK5PX/MoprOXKNGN4gupMnnI8aBCUHT64cTFvhn5+DfTdK/xQouZDgF/rgeinNPeZ8oGEgwjYr7sKx/3pm76gKxUleCABGwI81B7rTf9Ep1qshA0jBQ2YjIbXKB1C31DfLTIEkyC4RcrD8ohRTsjf0AU4is9hn5a2RG9cTPbj9bqNHRTUvchGlkgstl88SofeKxqopqegjAoFdmBnGAiwYRtkvhzvdwQ93l4c= cytech@student-laptop"
                    ],
                    "password": "",
                    "username": "ubuntu"
                  }
                ],
                "user_data_file_id": "local:snippets/user-data-cloud-config-cytech-2.yaml",
                "vendor_data_file_id": ""
              }
            ],
            "ipv4_addresses": [
              [
                "127.0.0.1"
              ],
              [
                "192.168.100.123"
              ]
            ],
            "ipv6_addresses": [
              [
                "::1"
              ],
              [
                "fe80::be24:11ff:fe6a:c2cd"
              ]
            ],
            "keyboard_layout": "en-us",
            "kvm_arguments": "",
            "mac_addresses": [
              "00:00:00:00:00:00",
              "BC:24:11:6A:C2:CD"
            ],
            "machine": "",
            "memory": [
              {
                "dedicated": 2048,
                "floating": 0,
                "hugepages": "",
                "keep_hugepages": false,
                "shared": 0
              }
            ],
            "migrate": false,
            "name": "cytech-2-bdd",
            "network_device": [
              {
                "bridge": "vmbr0",
                "disconnected": false,
                "enabled": true,
                "firewall": false,
                "mac_address": "BC:24:11:6A:C2:CD",
                "model": "virtio",
                "mtu": 0,
                "queues": 0,
                "rate_limit": 0,
                "trunks": "",
                "vlan_id": 0
              }
            ],
            "network_interface_names": [
              "lo",
              "eth0"
            ],
            "node_name": "mgmt",
            "numa": [],
            "on_boot": true,
            "operating_system": [],
            "pool_id": "cytech",
            "protection": false,
            "reboot": false,
            "reboot_after_update": true,
            "rng": [],
            "scsi_hardware": "virtio-scsi-pci",
            "serial_device": [],
            "smbios": [],
            "started": true,
            "startup": [],
            "stop_on_destroy": true,
            "tablet_device": true,
            "tags": null,
            "template": false,
            "timeout_clone": 1800,
            "timeout_create": 1800,
            "timeout_migrate": 1800,
            "timeout_move_disk": 1800,
            "timeout_reboot": 1800,
            "timeout_shutdown_vm": 1800,
            "timeout_start_vm": 1800,
            "timeout_stop_vm": 300,
            "tpm_state": [],
            "usb": [],
            "vga": [],
            "vm_id": 129,
            "watchdog": []
          },
          "sensitive_attributes": [
            [
              {
                "type": "get_attr",
                "value": "initialization"
              },
              {
                "type": "index",
                "value": {
                  "value": 0,
                  "type": "number"
                }
              },
              {
                "type": "get_attr",
                "value": "user_account"
              },
              {
                "type": "index",
                "value": {
                  "value": 0,
                  "type": "number"
                }
              },
              {
                "type": "get_attr",
                "value": "password"
              }
            ]
          ],
          "private": "bnVsbA==",
          "dependencies": [
            "module.bdd.data.local_file.ssh_public_key",
            "module.bdd.data.proxmox_virtual_environment_pool.cytech",
            "module.bdd.proxmox_virtual_environment_file.user_data_cloud_config"
          ]
        }
      ]
    }
  ],
  "check_results": null
}
